{
  "version": 4,
  "terraform_version": "1.0.1",
  "serial": 4,
  "lineage": "be0e85dd-6034-8fef-98ae-dbd68bf10193",
  "outputs": {
    "cdn_profile_name": {
      "value": "cdn-profile-demo-four",
      "type": "string"
    }
  },
  "resources": [
    {
      "mode": "data",
      "type": "azurerm_resource_group",
      "name": "resource_group",
      "provider": "provider[\"registry.terraform.io/hashicorp/azurerm\"]",
      "instances": [
        {
          "schema_version": 0,
          "attributes": {
            "id": "/subscriptions/30916262-1019-46e8-ba31-19b8949fbdb5/resourceGroups/azure-model",
            "location": "eastus",
            "name": "azure-model",
            "tags": {},
            "timeouts": null
          },
          "sensitive_attributes": []
        }
      ]
    },
    {
      "mode": "managed",
      "type": "azurerm_cdn_endpoint",
      "name": "cdn_endpoint",
      "provider": "provider[\"registry.terraform.io/hashicorp/azurerm\"]",
      "instances": [
        {
          "index_key": "endpoint",
          "schema_version": 1,
          "attributes": {
            "content_types_to_compress": [],
            "delivery_rule": [],
            "geo_filter": [],
            "global_delivery_rule": [],
            "host_name": "endpoint-one.azureedge.net",
            "id": "/subscriptions/30916262-1019-46e8-ba31-19b8949fbdb5/resourceGroups/azure-model/providers/Microsoft.Cdn/profiles/cdn-profile-demo-four/endpoints/endpoint-one",
            "is_compression_enabled": null,
            "is_http_allowed": true,
            "is_https_allowed": true,
            "location": "eastus",
            "name": "endpoint-one",
            "optimization_type": "",
            "origin": [
              {
                "host_name": "www.google.com",
                "http_port": 80,
                "https_port": 443,
                "name": "origin-one"
              }
            ],
            "origin_host_header": "",
            "origin_path": "",
            "probe_path": "",
            "profile_name": "cdn-profile-demo-four",
            "querystring_caching_behaviour": "IgnoreQueryString",
            "resource_group_name": "azure-model",
            "tags": null,
            "timeouts": null
          },
          "sensitive_attributes": [],
          "private": "eyJlMmJmYjczMC1lY2FhLTExZTYtOGY4OC0zNDM2M2JjN2M0YzAiOnsiY3JlYXRlIjoxODAwMDAwMDAwMDAwLCJkZWxldGUiOjE4MDAwMDAwMDAwMDAsInJlYWQiOjMwMDAwMDAwMDAwMCwidXBkYXRlIjoxODAwMDAwMDAwMDAwfSwic2NoZW1hX3ZlcnNpb24iOiIxIn0=",
          "dependencies": [
            "azurerm_cdn_profile.cdn_profile",
            "data.azurerm_resource_group.resource_group"
          ]
        },
        {
          "index_key": "endpoint_2",
          "schema_version": 1,
          "attributes": {
            "content_types_to_compress": [],
            "delivery_rule": [],
            "geo_filter": [],
            "global_delivery_rule": [],
            "host_name": "endpoint-two.azureedge.net",
            "id": "/subscriptions/30916262-1019-46e8-ba31-19b8949fbdb5/resourceGroups/azure-model/providers/Microsoft.Cdn/profiles/cdn-profile-demo-four/endpoints/endpoint-two",
            "is_compression_enabled": null,
            "is_http_allowed": true,
            "is_https_allowed": true,
            "location": "eastus",
            "name": "endpoint-two",
            "optimization_type": "",
            "origin": [
              {
                "host_name": "www.facebook.com",
                "http_port": 80,
                "https_port": 443,
                "name": "origin-two"
              }
            ],
            "origin_host_header": "",
            "origin_path": "",
            "probe_path": "",
            "profile_name": "cdn-profile-demo-four",
            "querystring_caching_behaviour": "IgnoreQueryString",
            "resource_group_name": "azure-model",
            "tags": null,
            "timeouts": null
          },
          "sensitive_attributes": [],
          "private": "eyJlMmJmYjczMC1lY2FhLTExZTYtOGY4OC0zNDM2M2JjN2M0YzAiOnsiY3JlYXRlIjoxODAwMDAwMDAwMDAwLCJkZWxldGUiOjE4MDAwMDAwMDAwMDAsInJlYWQiOjMwMDAwMDAwMDAwMCwidXBkYXRlIjoxODAwMDAwMDAwMDAwfSwic2NoZW1hX3ZlcnNpb24iOiIxIn0=",
          "dependencies": [
            "azurerm_cdn_profile.cdn_profile",
            "data.azurerm_resource_group.resource_group"
          ]
        }
      ]
    },
    {
      "mode": "managed",
      "type": "azurerm_cdn_profile",
      "name": "cdn_profile",
      "provider": "provider[\"registry.terraform.io/hashicorp/azurerm\"]",
      "instances": [
        {
          "schema_version": 1,
          "attributes": {
            "id": "/subscriptions/30916262-1019-46e8-ba31-19b8949fbdb5/resourceGroups/azure-model/providers/Microsoft.Cdn/profiles/cdn-profile-demo-four",
            "location": "eastus",
            "name": "cdn-profile-demo-four",
            "resource_group_name": "azure-model",
            "sku": "Standard_Verizon",
            "tags": null,
            "timeouts": null
          },
          "sensitive_attributes": [],
          "private": "eyJlMmJmYjczMC1lY2FhLTExZTYtOGY4OC0zNDM2M2JjN2M0YzAiOnsiY3JlYXRlIjoxODAwMDAwMDAwMDAwLCJkZWxldGUiOjE4MDAwMDAwMDAwMDAsInJlYWQiOjMwMDAwMDAwMDAwMCwidXBkYXRlIjoxODAwMDAwMDAwMDAwfSwic2NoZW1hX3ZlcnNpb24iOiIxIn0=",
          "dependencies": [
            "data.azurerm_resource_group.resource_group"
          ]
        }
      ]
    }
  ]
}
